
Microsoft Visual Studio Solution File, Format Version 12.00
# Visual Studio Version 16
VisualStudioVersion = 16.0.30709.132
MinimumVisualStudioVersion = 10.0.40219.1
Project("{9A19103F-16F7-4668-BE54-9A1E7A4F7556}") = "JsonClassGenerator", "JsonClassGenerator\JsonClassGenerator.csproj", "{DD4C78F5-3BF8-4435-A6FD-686CA2A2C56B}"
EndProject
Project("{9A19103F-16F7-4668-BE54-9A1E7A4F7556}") = "JsonClassGenerator.Test", "JsonClassGenerator.Test\JsonClassGenerator.Test.csproj", "{2350FB0E-85CC-4E84-AA95-CBCA35D7BBAE}"
EndProject
Project("{FAE04EC0-301F-11D3-BF4B-00C04F79EFBC}") = "SampleProject", "SampleProject\SampleProject.csproj", "{2B6763A8-FD9B-49A2-B2E5-5D6F1605ECD8}"
EndProject
Global
	GlobalSection(SolutionConfigurationPlatforms) = preSolution
		Debug|Any CPU = Debug|Any CPU
		Release|Any CPU = Release|Any CPU
	EndGlobalSection
	GlobalSection(ProjectConfigurationPlatforms) = postSolution
		{DD4C78F5-3BF8-4435-A6FD-686CA2A2C56B}.Debug|Any CPU.ActiveCfg = Debug|Any CPU
		{DD4C78F5-3BF8-4435-A6FD-686CA2A2C56B}.Debug|Any CPU.Build.0 = Debug|Any CPU
		{DD4C78F5-3BF8-4435-A6FD-686CA2A2C56B}.Release|Any CPU.ActiveCfg = Release|Any CPU
		{DD4C78F5-3BF8-4435-A6FD-686CA2A2C56B}.Release|Any CPU.Build.0 = Release|Any CPU
		{2350FB0E-85CC-4E84-AA95-CBCA35D7BBAE}.Debug|Any CPU.ActiveCfg = Debug|Any CPU
		{2350FB0E-85CC-4E84-AA95-CBCA35D7BBAE}.Debug|Any CPU.Build.0 = Debug|Any CPU
		{2350FB0E-85CC-4E84-AA95-CBCA35D7BBAE}.Release|Any CPU.ActiveCfg = Release|Any CPU
		{2350FB0E-85CC-4E84-AA95-CBCA35D7BBAE}.Release|Any CPU.Build.0 = Release|Any CPU
		{2B6763A8-FD9B-49A2-B2E5-5D6F1605ECD8}.Debug|Any CPU.ActiveCfg = Debug|Any CPU
		{2B6763A8-FD9B-49A2-B2E5-5D6F1605ECD8}.Debug|Any CPU.Build.0 = Debug|Any CPU
		{2B6763A8-FD9B-49A2-B2E5-5D6F1605ECD8}.Release|Any CPU.ActiveCfg = Release|Any CPU
		{2B6763A8-FD9B-49A2-B2E5-5D6F1605ECD8}.Release|Any CPU.Build.0 = Release|Any CPU
	EndGlobalSection
	GlobalSection(SolutionProperties) = preSolution
		HideSolutionNode = FALSE
	EndGlobalSection
	GlobalSection(ExtensibilityGlobals) = postSolution
		SolutionGuid = {40045E9C-4CDC-4448-A1F6-68AAC7072745}
	EndGlobalSection
EndGlobal
